{
  "name": "ZhihuZhuanlan",
  "version": "1.0.0",
  "lockfileVersion": 1,
  "requires": true,
  "dependencies": {
    "ajv": {
      "version": "4.11.8",
      "resolved": "http://registry.npm.taobao.org/ajv/download/ajv-4.11.8.tgz",
      "integrity": "sha1-gv+wKynmYq5TvcIK8VlHcGc5xTY=",
      "requires": {
        "co": "4.6.0",
        "json-stable-stringify": "1.0.1"
      }
    },
    "asn1": {
      "version": "0.2.3",
      "resolved": "http://registry.npm.taobao.org/asn1/download/asn1-0.2.3.tgz",
      "integrity": "sha1-2sh4dxPJlmhJ/IGAd36+nB3fO4Y="
    },
    "assert-plus": {
      "version": "0.2.0",
      "resolved": "http://registry.npm.taobao.org/assert-plus/download/assert-plus-0.2.0.tgz",
      "integrity": "sha1-104bh+ev/A24qttwIfP+SBAasjQ="
    },
    "asynckit": {
      "version": "0.4.0",
      "resolved": "http://registry.npm.taobao.org/asynckit/download/asynckit-0.4.0.tgz",
      "integrity": "sha1-x57Zf380y48robyXkLzDZkdLS3k="
    },
    "aws-sign2": {
      "version": "0.6.0",
      "resolved": "http://registry.npm.taobao.org/aws-sign2/download/aws-sign2-0.6.0.tgz",
      "integrity": "sha1-FDQt0428yU0OW4fXY81jYSwOeU8="
    },
    "aws4": {
      "version": "1.6.0",
      "resolved": "http://registry.npm.taobao.org/aws4/download/aws4-1.6.0.tgz",
      "integrity": "sha1-g+9cqGCysy5KDe7e6MdxudtXRx4="
    },
    "bcrypt-pbkdf": {
      "version": "1.0.1",
      "resolved": "http://registry.npm.taobao.org/bcrypt-pbkdf/download/bcrypt-pbkdf-1.0.1.tgz",
      "integrity": "sha1-Y7xdy2EzG5K8Bf1SiVPDNGKgb40=",
      "optional": true,
      "requires": {
        "tweetnacl": "0.14.5"
      }
    },
    "boolbase": {
      "version": "1.0.0",
      "resolved": "http://registry.npm.taobao.org/boolbase/download/boolbase-1.0.0.tgz",
      "integrity": "sha1-aN/1++YMUes3cl6p4+0xDcwed24="
    },
    "boom": {
      "version": "2.10.1",
      "resolved": "http://registry.npm.taobao.org/boom/download/boom-2.10.1.tgz",
      "integrity": "sha1-OciRjO/1eZ+D+UkqhI9iWt0Mdm8=",
      "requires": {
        "hoek": "2.16.3"
      }
    },
    "caseless": {
      "version": "0.12.0",
      "resolved": "http://registry.npm.taobao.org/caseless/download/caseless-0.12.0.tgz",
      "integrity": "sha1-G2gcIf+EAzyCZUMJBolCDRhxUdw="
    },
    "cheerio": {
      "version": "0.22.0",
      "resolved": "http://registry.npm.taobao.org/cheerio/download/cheerio-0.22.0.tgz",
      "integrity": "sha1-qbqoYKP5tZWmuBsahocxIe06Jp4=",
      "requires": {
        "css-select": "1.2.0",
        "dom-serializer": "0.1.0",
        "entities": "1.1.1",
        "htmlparser2": "3.9.2",
        "lodash.assignin": "4.2.0",
        "lodash.bind": "4.2.1",
        "lodash.defaults": "4.2.0",
        "lodash.filter": "4.6.0",
        "lodash.flatten": "4.4.0",
        "lodash.foreach": "4.5.0",
        "lodash.map": "4.6.0",
        "lodash.merge": "4.6.0",
        "lodash.pick": "4.4.0",
        "lodash.reduce": "4.6.0",
        "lodash.reject": "4.6.0",
        "lodash.some": "4.6.0"
      }
    },
    "co": {
      "version": "4.6.0",
      "resolved": "http://registry.npm.taobao.org/co/download/co-4.6.0.tgz",
      "integrity": "sha1-bqa989hTrlTMuOR7+gvz+QMfsYQ="
    },
    "combined-stream": {
      "version": "1.0.5",
      "resolved": "http://registry.npm.taobao.org/combined-stream/download/combined-stream-1.0.5.tgz",
      "integrity": "sha1-k4NwpXtKUd6ix3wV1cX9+JUWQAk=",
      "requires": {
        "delayed-stream": "1.0.0"
      }
    },
    "commander": {
      "version": "2.11.0",
      "resolved": "http://registry.npm.taobao.org/commander/download/commander-2.11.0.tgz",
      "integrity": "sha1-FXFS/R56bI2YpbcVzzdt+SgARWM="
    },
    "core-util-is": {
      "version": "1.0.2",
      "resolved": "http://registry.npm.taobao.org/core-util-is/download/core-util-is-1.0.2.tgz",
      "integrity": "sha1-tf1UIgqivFq1eqtxQMlAdUUDwac="
    },
    "cryptiles": {
      "version": "2.0.5",
      "resolved": "http://registry.npm.taobao.org/cryptiles/download/cryptiles-2.0.5.tgz",
      "integrity": "sha1-O9/s3GCBR8HGcgL6KR59ylnqo7g=",
      "requires": {
        "boom": "2.10.1"
      }
    },
    "css-select": {
      "version": "1.2.0",
      "resolved": "http://registry.npm.taobao.org/css-select/download/css-select-1.2.0.tgz",
      "integrity": "sha1-KzoRBTnFNV8c2NMUYj6HCxIeyFg=",
      "requires": {
        "boolbase": "1.0.0",
        "css-what": "2.1.0",
        "domutils": "1.5.1",
        "nth-check": "1.0.1"
      }
    },
    "css-what": {
      "version": "2.1.0",
      "resolved": "http://registry.npm.taobao.org/css-what/download/css-what-2.1.0.tgz",
      "integrity": "sha1-lGfQMsOM+u+58teVASUwYvh/ob0="
    },
    "dashdash": {
      "version": "1.14.1",
      "resolved": "http://registry.npm.taobao.org/dashdash/download/dashdash-1.14.1.tgz",
      "integrity": "sha1-hTz6D3y+L+1d4gMmuN1YEDX24vA=",
      "requires": {
        "assert-plus": "1.0.0"
      },
      "dependencies": {
        "assert-plus": {
          "version": "1.0.0",
          "resolved": "http://registry.npm.taobao.org/assert-plus/download/assert-plus-1.0.0.tgz",
          "integrity": "sha1-8S4PPF13sLHN2RRpQuTpbB5N1SU="
        }
      }
    },
    "delayed-stream": {
      "version": "1.0.0",
      "resolved": "http://registry.npm.taobao.org/delayed-stream/download/delayed-stream-1.0.0.tgz",
      "integrity": "sha1-3zrhmayt+31ECqrgsp4icrJOxhk="
    },
    "dom-serializer": {
      "version": "0.1.0",
      "resolved": "http://registry.npm.taobao.org/dom-serializer/download/dom-serializer-0.1.0.tgz",
      "integrity": "sha1-BzxpdUbOB4DOI75KKOKT5AvDDII=",
      "requires": {
        "domelementtype": "1.1.3",
        "entities": "1.1.1"
      },
      "dependencies": {
        "domelementtype": {
          "version": "1.1.3",
          "resolved": "http://registry.npm.taobao.org/domelementtype/download/domelementtype-1.1.3.tgz",
          "integrity": "sha1-vSh3PiZCiBrsUVRJJCmcXNgiGFs="
        }
      }
    },
    "domelementtype": {
      "version": "1.3.0",
      "resolved": "http://registry.npm.taobao.org/domelementtype/download/domelementtype-1.3.0.tgz",
      "integrity": "sha1-sXrtguirWeUt2cGbF1bg/BhyBMI="
    },
    "domhandler": {
      "version": "2.4.1",
      "resolved": "http://registry.npm.taobao.org/domhandler/download/domhandler-2.4.1.tgz",
      "integrity": "sha1-iS5HAAqZvlW783dP/qBWHYh5wlk=",
      "requires": {
        "domelementtype": "1.3.0"
      }
    },
    "domutils": {
      "version": "1.5.1",
      "resolved": "http://registry.npm.taobao.org/domutils/download/domutils-1.5.1.tgz",
      "integrity": "sha1-3NhIiib1Y9YQeeSMn3t+Mjc2gs8=",
      "requires": {
        "dom-serializer": "0.1.0",
        "domelementtype": "1.3.0"
      }
    },
    "ecc-jsbn": {
      "version": "0.1.1",
      "resolved": "http://registry.npm.taobao.org/ecc-jsbn/download/ecc-jsbn-0.1.1.tgz",
      "integrity": "sha1-D8c6ntXw1Tw4GTOYUj735UN3dQU=",
      "optional": true,
      "requires": {
        "jsbn": "0.1.1"
      }
    },
    "entities": {
      "version": "1.1.1",
      "resolved": "http://registry.npm.taobao.org/entities/download/entities-1.1.1.tgz",
      "integrity": "sha1-blwtClYhtdra7O+AuQ7ftc13cvA="
    },
    "extend": {
      "version": "3.0.1",
      "resolved": "http://registry.npm.taobao.org/extend/download/extend-3.0.1.tgz",
      "integrity": "sha1-p1Xqe8Gt/MWjHOfnYtuq3F5jZEQ="
    },
    "extsprintf": {
      "version": "1.3.0",
      "resolved": "http://registry.npm.taobao.org/extsprintf/download/extsprintf-1.3.0.tgz",
      "integrity": "sha1-lpGEQOMEGnpBT4xS48V06zw+HgU="
    },
    "forever-agent": {
      "version": "0.6.1",
      "resolved": "http://registry.npm.taobao.org/forever-agent/download/forever-agent-0.6.1.tgz",
      "integrity": "sha1-+8cfDEGt6zf5bFd60e1C2P2sypE="
    },
    "form-data": {
      "version": "2.1.4",
      "resolved": "http://registry.npm.taobao.org/form-data/download/form-data-2.1.4.tgz",
      "integrity": "sha1-M8GDrPGTJ27KqYFDpp6Uv+4XUNE=",
      "requires": {
        "asynckit": "0.4.0",
        "combined-stream": "1.0.5",
        "mime-types": "2.1.16"
      }
    },
    "getpass": {
      "version": "0.1.7",
      "resolved": "http://registry.npm.taobao.org/getpass/download/getpass-0.1.7.tgz",
      "integrity": "sha1-Xv+OPmhNVprkyysSgmBOi6YhSfo=",
      "requires": {
        "assert-plus": "1.0.0"
      },
      "dependencies": {
        "assert-plus": {
          "version": "1.0.0",
          "resolved": "http://registry.npm.taobao.org/assert-plus/download/assert-plus-1.0.0.tgz",
          "integrity": "sha1-8S4PPF13sLHN2RRpQuTpbB5N1SU="
        }
      }
    },
    "h2m": {
      "version": "0.5.2",
      "resolved": "http://registry.npm.taobao.org/h2m/download/h2m-0.5.2.tgz",
      "integrity": "sha1-SSRwixYI/R/g/9eqR5D9+6+KJRE=",
      "requires": {
        "commander": "2.11.0",
        "htmlparser2": "3.9.2",
        "request": "2.81.0"
      }
    },
    "har-schema": {
      "version": "1.0.5",
      "resolved": "http://registry.npm.taobao.org/har-schema/download/har-schema-1.0.5.tgz",
      "integrity": "sha1-0mMTX0MwfALGAq/I/pWXDAFRNp4="
    },
    "har-validator": {
      "version": "4.2.1",
      "resolved": "http://registry.npm.taobao.org/har-validator/download/har-validator-4.2.1.tgz",
      "integrity": "sha1-M0gdDxu/9gDdID11gSpqX7oALio=",
      "requires": {
        "ajv": "4.11.8",
        "har-schema": "1.0.5"
      }
    },
    "hawk": {
      "version": "3.1.3",
      "resolved": "http://registry.npm.taobao.org/hawk/download/hawk-3.1.3.tgz",
      "integrity": "sha1-B4REvXwWQLD+VA0sm3PVlnjo4cQ=",
      "requires": {
        "boom": "2.10.1",
        "cryptiles": "2.0.5",
        "hoek": "2.16.3",
        "sntp": "1.0.9"
      }
    },
    "hoek": {
      "version": "2.16.3",
      "resolved": "http://registry.npm.taobao.org/hoek/download/hoek-2.16.3.tgz",
      "integrity": "sha1-ILt0A9POo5jpHcRxCo/xuCdKJe0="
    },
    "htmlparser2": {
      "version": "3.9.2",
      "resolved": "http://registry.npm.taobao.org/htmlparser2/download/htmlparser2-3.9.2.tgz",
      "integrity": "sha1-G9+HrMoPP55T+k/M6w9LTLsAszg=",
      "requires": {
        "domelementtype": "1.3.0",
        "domhandler": "2.4.1",
        "domutils": "1.5.1",
        "entities": "1.1.1",
        "inherits": "2.0.3",
        "readable-stream": "2.3.3"
      }
    },
    "http-signature": {
      "version": "1.1.1",
      "resolved": "http://registry.npm.taobao.org/http-signature/download/http-signature-1.1.1.tgz",
      "integrity": "sha1-33LiZwZs0Kxn+3at+OE0qPvPkb8=",
      "requires": {
        "assert-plus": "0.2.0",
        "jsprim": "1.4.1",
        "sshpk": "1.13.1"
      }
    },
    "inherits": {
      "version": "2.0.3",
      "resolved": "http://registry.npm.taobao.org/inherits/download/inherits-2.0.3.tgz",
      "integrity": "sha1-Yzwsg+PaQqUC9SRmAiSA9CCCYd4="
    },
    "is-typedarray": {
      "version": "1.0.0",
      "resolved": "http://registry.npm.taobao.org/is-typedarray/download/is-typedarray-1.0.0.tgz",
      "integrity": "sha1-5HnICFjfDBsR3dppQPlgEfzaSpo="
    },
    "isarray": {
      "version": "1.0.0",
      "resolved": "http://registry.npm.taobao.org/isarray/download/isarray-1.0.0.tgz",
      "integrity": "sha1-u5NdSFgsuhaMBoNJV6VKPgcSTxE="
    },
    "isstream": {
      "version": "0.1.2",
      "resolved": "http://registry.npm.taobao.org/isstream/download/isstream-0.1.2.tgz",
      "integrity": "sha1-R+Y/evVa+m+S4VAOaQ64uFKcCZo="
    },
    "jsbn": {
      "version": "0.1.1",
      "resolved": "http://registry.npm.taobao.org/jsbn/download/jsbn-0.1.1.tgz",
      "integrity": "sha1-peZUwuWi3rXyAdls77yoDA7y9RM=",
      "optional": true
    },
    "json-schema": {
      "version": "0.2.3",
      "resolved": "http://registry.npm.taobao.org/json-schema/download/json-schema-0.2.3.tgz",
      "integrity": "sha1-tIDIkuWaLwWVTOcnvT8qTogvnhM="
    },
    "json-stable-stringify": {
      "version": "1.0.1",
      "resolved": "http://registry.npm.taobao.org/json-stable-stringify/download/json-stable-stringify-1.0.1.tgz",
      "integrity": "sha1-mnWdOcXy/1A/1TAGRu1EX4jE+a8=",
      "requires": {
        "jsonify": "0.0.0"
      }
    },
    "json-stringify-safe": {
      "version": "5.0.1",
      "resolved": "http://registry.npm.taobao.org/json-stringify-safe/download/json-stringify-safe-5.0.1.tgz",
      "integrity": "sha1-Epai1Y/UXxmg9s4B1lcB4sc1tus="
    },
    "jsonify": {
      "version": "0.0.0",
      "resolved": "http://registry.npm.taobao.org/jsonify/download/jsonify-0.0.0.tgz",
      "integrity": "sha1-LHS27kHZPKUbe1qu6PUDYx0lKnM="
    },
    "jsprim": {
      "version": "1.4.1",
      "resolved": "http://registry.npm.taobao.org/jsprim/download/jsprim-1.4.1.tgz",
      "integrity": "sha1-MT5mvB5cwG5Di8G3SZwuXFastqI=",
      "requires": {
        "assert-plus": "1.0.0",
        "extsprintf": "1.3.0",
        "json-schema": "0.2.3",
        "verror": "1.10.0"
      },
      "dependencies": {
        "assert-plus": {
          "version": "1.0.0",
          "resolved": "http://registry.npm.taobao.org/assert-plus/download/assert-plus-1.0.0.tgz",
          "integrity": "sha1-8S4PPF13sLHN2RRpQuTpbB5N1SU="
        }
      }
    },
    "lodash": {
      "version": "4.17.4",
      "resolved": "http://registry.npm.taobao.org/lodash/download/lodash-4.17.4.tgz",
      "integrity": "sha1-eCA6TRwyiuHYbcpkYONptX9AVa4="
    },
    "lodash.assignin": {
      "version": "4.2.0",
      "resolved": "http://registry.npm.taobao.org/lodash.assignin/download/lodash.assignin-4.2.0.tgz",
      "integrity": "sha1-uo31+4QesKPoBEIysOJjqNxqKKI="
    },
    "lodash.bind": {
      "version": "4.2.1",
      "resolved": "http://registry.npm.taobao.org/lodash.bind/download/lodash.bind-4.2.1.tgz",
      "integrity": "sha1-euMBfpOWIqwxt9fX3LGzTbFpDTU="
    },
    "lodash.defaults": {
      "version": "4.2.0",
      "resolved": "http://registry.npm.taobao.org/lodash.defaults/download/lodash.defaults-4.2.0.tgz",
      "integrity": "sha1-0JF4cW/+pN3p5ft7N/bwgCJ0WAw="
    },
    "lodash.filter": {
      "version": "4.6.0",
      "resolved": "http://registry.npm.taobao.org/lodash.filter/download/lodash.filter-4.6.0.tgz",
      "integrity": "sha1-ZosdSYFgOuHMWm+nYBQ+SAtMSs4="
    },
    "lodash.flatten": {
      "version": "4.4.0",
      "resolved": "http://registry.npm.taobao.org/lodash.flatten/download/lodash.flatten-4.4.0.tgz",
      "integrity": "sha1-8xwiIlqWMtK7+OSt2+8kCqdlph8="
    },
    "lodash.foreach": {
      "version": "4.5.0",
      "resolved": "http://registry.npm.taobao.org/lodash.foreach/download/lodash.foreach-4.5.0.tgz",
      "integrity": "sha1-Gmo16s5AEoDH8G3d7DUWWrJ+PlM="
    },
    "lodash.map": {
      "version": "4.6.0",
      "resolved": "http://registry.npm.taobao.org/lodash.map/download/lodash.map-4.6.0.tgz",
      "integrity": "sha1-dx7Hg540c9nEzeKLGTlMNWL09tM="
    },
    "lodash.merge": {
      "version": "4.6.0",
      "resolved": "http://registry.npm.taobao.org/lodash.merge/download/lodash.merge-4.6.0.tgz",
      "integrity": "sha1-aYhLoUSsM/5plzemCG3v+t0PicU="
    },
    "lodash.pick": {
      "version": "4.4.0",
      "resolved": "http://registry.npm.taobao.org/lodash.pick/download/lodash.pick-4.4.0.tgz",
      "integrity": "sha1-UvBWEP/53tQiYRRB7R/BI6AwAbM="
    },
    "lodash.reduce": {
      "version": "4.6.0",
      "resolved": "http://registry.npm.taobao.org/lodash.reduce/download/lodash.reduce-4.6.0.tgz",
      "integrity": "sha1-8atrg5KZrUj3hKu/R2WW8DuRTTs="
    },
    "lodash.reject": {
      "version": "4.6.0",
      "resolved": "http://registry.npm.taobao.org/lodash.reject/download/lodash.reject-4.6.0.tgz",
      "integrity": "sha1-gNZJLcFHCGS79YNTO2UfQqn1JBU="
    },
    "lodash.some": {
      "version": "4.6.0",
      "resolved": "http://registry.npm.taobao.org/lodash.some/download/lodash.some-4.6.0.tgz",
      "integrity": "sha1-G7nzFO9ri63tE7VJFpsqlF62jk0="
    },
    "mime-db": {
      "version": "1.29.0",
      "resolved": "http://registry.npm.taobao.org/mime-db/download/mime-db-1.29.0.tgz",
      "integrity": "sha1-SNJtI1WJZRcErFkWygYAGRQmaHg="
    },
    "mime-types": {
      "version": "2.1.16",
      "resolved": "http://registry.npm.taobao.org/mime-types/download/mime-types-2.1.16.tgz",
      "integrity": "sha1-K4WKUuXs1RbbiXrCvodIeDBpjiM=",
      "requires": {
        "mime-db": "1.29.0"
      }
    },
    "nth-check": {
      "version": "1.0.1",
      "resolved": "http://registry.npm.taobao.org/nth-check/download/nth-check-1.0.1.tgz",
      "integrity": "sha1-mSms32KPwsQQmN6rgqxYDPFJquQ=",
      "requires": {
        "boolbase": "1.0.0"
      }
    },
    "oauth-sign": {
      "version": "0.8.2",
      "resolved": "http://registry.npm.taobao.org/oauth-sign/download/oauth-sign-0.8.2.tgz",
      "integrity": "sha1-Rqarfwrq2N6unsBWV4C31O/rnUM="
    },
    "performance-now": {
      "version": "0.2.0",
      "resolved": "http://registry.npm.taobao.org/performance-now/download/performance-now-0.2.0.tgz",
      "integrity": "sha1-M+8wxcd9TqIcWlOGnZG1bY8lVeU="
    },
    "process-nextick-args": {
      "version": "1.0.7",
      "resolved": "http://registry.npm.taobao.org/process-nextick-args/download/process-nextick-args-1.0.7.tgz",
      "integrity": "sha1-FQ4gt1ZZCtP5EJPyWk8q2L/zC6M="
    },
    "punycode": {
      "version": "1.4.1",
      "resolved": "http://registry.npm.taobao.org/punycode/download/punycode-1.4.1.tgz",
      "integrity": "sha1-wNWmOycYgArY4esPpSachN1BhF4="
    },
    "qs": {
      "version": "6.4.0",
      "resolved": "http://registry.npm.taobao.org/qs/download/qs-6.4.0.tgz",
      "integrity": "sha1-E+JtKK1rD/qpExLNO/cI7TUecjM="
    },
    "readable-stream": {
      "version": "2.3.3",
      "resolved": "http://registry.npm.taobao.org/readable-stream/download/readable-stream-2.3.3.tgz",
      "integrity": "sha1-No8lEtefnUb9/HE0mueHi7weuVw=",
      "requires": {
        "core-util-is": "1.0.2",
        "inherits": "2.0.3",
        "isarray": "1.0.0",
        "process-nextick-args": "1.0.7",
        "safe-buffer": "5.1.1",
        "string_decoder": "1.0.3",
        "util-deprecate": "1.0.2"
      }
    },
    "request": {
      "version": "2.81.0",
      "resolved": "http://registry.npm.taobao.org/request/download/request-2.81.0.tgz",
      "integrity": "sha1-xpKJRqDgbF+Nb4qTM0af/aRimKA=",
      "requires": {
        "aws-sign2": "0.6.0",
        "aws4": "1.6.0",
        "caseless": "0.12.0",
        "combined-stream": "1.0.5",
        "extend": "3.0.1",
        "forever-agent": "0.6.1",
        "form-data": "2.1.4",
        "har-validator": "4.2.1",
        "hawk": "3.1.3",
        "http-signature": "1.1.1",
        "is-typedarray": "1.0.0",
        "isstream": "0.1.2",
        "json-stringify-safe": "5.0.1",
        "mime-types": "2.1.16",
        "oauth-sign": "0.8.2",
        "performance-now": "0.2.0",
        "qs": "6.4.0",
        "safe-buffer": "5.1.1",
        "stringstream": "0.0.5",
        "tough-cookie": "2.3.2",
        "tunnel-agent": "0.6.0",
        "uuid": "3.1.0"
      }
    },
    "safe-buffer": {
      "version": "5.1.1",
      "resolved": "http://registry.npm.taobao.org/safe-buffer/download/safe-buffer-5.1.1.tgz",
      "integrity": "sha1-iTMSr2myEj3vcfV4iQAWce6yyFM="
    },
    "sntp": {
      "version": "1.0.9",
      "resolved": "http://registry.npm.taobao.org/sntp/download/sntp-1.0.9.tgz",
      "integrity": "sha1-ZUEYTMkK7qbG57NeJlkIJEPGYZg=",
      "requires": {
        "hoek": "2.16.3"
      }
    },
    "sshpk": {
      "version": "1.13.1",
      "resolved": "http://registry.npm.taobao.org/sshpk/download/sshpk-1.13.1.tgz",
      "integrity": "sha1-US322mKHFEMW3EwY/hzx2UBzm+M=",
      "requires": {
        "asn1": "0.2.3",
        "assert-plus": "1.0.0",
        "bcrypt-pbkdf": "1.0.1",
        "dashdash": "1.14.1",
        "ecc-jsbn": "0.1.1",
        "getpass": "0.1.7",
        "jsbn": "0.1.1",
        "tweetnacl": "0.14.5"
      },
      "dependencies": {
        "assert-plus": {
          "version": "1.0.0",
          "resolved": "http://registry.npm.taobao.org/assert-plus/download/assert-plus-1.0.0.tgz",
          "integrity": "sha1-8S4PPF13sLHN2RRpQuTpbB5N1SU="
        }
      }
    },
    "string_decoder": {
      "version": "1.0.3",
      "resolved": "http://registry.npm.taobao.org/string_decoder/download/string_decoder-1.0.3.tgz",
      "integrity": "sha1-D8Z9fBQYJd6UKC3VNr7GubzoYKs=",
      "requires": {
        "safe-buffer": "5.1.1"
      }
    },
    "stringstream": {
      "version": "0.0.5",
      "resolved": "http://registry.npm.taobao.org/stringstream/download/stringstream-0.0.5.tgz",
      "integrity": "sha1-TkhM1N5aC7vuGORjB3EKioFiGHg="
    },
    "tough-cookie": {
      "version": "2.3.2",
      "resolved": "http://registry.npm.taobao.org/tough-cookie/download/tough-cookie-2.3.2.tgz",
      "integrity": "sha1-8IH3bkyFcg5sN6X6ztc3FQ2EByo=",
      "requires": {
        "punycode": "1.4.1"
      }
    },
    "tunnel-agent": {
      "version": "0.6.0",
      "resolved": "http://registry.npm.taobao.org/tunnel-agent/download/tunnel-agent-0.6.0.tgz",
      "integrity": "sha1-J6XeoGs2sEoKmWZ3SykIaPD8QP0=",
      "requires": {
        "safe-buffer": "5.1.1"
      }
    },
    "tweetnacl": {
      "version": "0.14.5",
      "resolved": "http://registry.npm.taobao.org/tweetnacl/download/tweetnacl-0.14.5.tgz",
      "integrity": "sha1-WuaBd/GS1EViadEIr6k/+HQ/T2Q=",
      "optional": true
    },
    "util-deprecate": {
      "version": "1.0.2",
      "resolved": "http://registry.npm.taobao.org/util-deprecate/download/util-deprecate-1.0.2.tgz",
      "integrity": "sha1-RQ1Nyfpw3nMnYvvS1KKJgUGaDM8="
    },
    "uuid": {
      "version": "3.1.0",
      "resolved": "http://registry.npm.taobao.org/uuid/download/uuid-3.1.0.tgz",
      "integrity": "sha1-PdPT55Crwk17DToDT/q6vijrvAQ="
    },
    "verror": {
      "version": "1.10.0",
      "resolved": "http://registry.npm.taobao.org/verror/download/verror-1.10.0.tgz",
      "integrity": "sha1-OhBcoXBTr1XW4nDB+CiGguGNpAA=",
      "requires": {
        "assert-plus": "1.0.0",
        "core-util-is": "1.0.2",
        "extsprintf": "1.3.0"
      },
      "dependencies": {
        "assert-plus": {
          "version": "1.0.0",
          "resolved": "http://registry.npm.taobao.org/assert-plus/download/assert-plus-1.0.0.tgz",
          "integrity": "sha1-8S4PPF13sLHN2RRpQuTpbB5N1SU="
        }
      }
    }
  }
}
