# THIS IS AN AUTOGENERATED FILE. DO NOT EDIT THIS FILE DIRECTLY.
# yarn lockfile v1


abab@^1.0.3:
  version "1.0.3"
  resolved "http://registry.npm.taobao.org/abab/download/abab-1.0.3.tgz#b81de5f7274ec4e756d797cd834f303642724e5d"

acorn-globals@^3.1.0:
  version "3.1.0"
  resolved "http://registry.npm.taobao.org/acorn-globals/download/acorn-globals-3.1.0.tgz#fd8270f71fbb4996b004fa880ee5d46573a731bf"
  dependencies:
    acorn "^4.0.4"

acorn@^4.0.4:
  version "4.0.13"
  resolved "http://registry.npm.taobao.org/acorn/download/acorn-4.0.13.tgz#105495ae5361d697bd195c825192e1ad7f253787"

ajv@^4.9.1:
  version "4.11.8"
  resolved "http://registry.npm.taobao.org/ajv/download/ajv-4.11.8.tgz#82ffb02b29e662ae53bdc20af15947706739c536"
  dependencies:
    co "^4.6.0"
    json-stable-stringify "^1.0.1"

amdefine@>=0.0.4:
  version "1.0.1"
  resolved "http://registry.npm.taobao.org/amdefine/download/amdefine-1.0.1.tgz#4a5282ac164729e93619bcfd3ad151f817ce91f5"

array-equal@^1.0.0:
  version "1.0.0"
  resolved "http://registry.npm.taobao.org/array-equal/download/array-equal-1.0.0.tgz#8c2a5ef2472fd9ea742b04c77a75093ba2757c93"

asn1@~0.2.3:
  version "0.2.3"
  resolved "http://registry.npm.taobao.org/asn1/download/asn1-0.2.3.tgz#dac8787713c9966849fc8180777ebe9c1ddf3b86"

assert-plus@1.0.0, assert-plus@^1.0.0:
  version "1.0.0"
  resolved "http://registry.npm.taobao.org/assert-plus/download/assert-plus-1.0.0.tgz#f12e0f3c5d77b0b1cdd9146942e4e96c1e4dd525"

assert-plus@^0.2.0:
  version "0.2.0"
  resolved "http://registry.npm.taobao.org/assert-plus/download/assert-plus-0.2.0.tgz#d74e1b87e7affc0db8aadb7021f3fe48101ab234"

asynckit@^0.4.0:
  version "0.4.0"
  resolved "http://registry.npm.taobao.org/asynckit/download/asynckit-0.4.0.tgz#c79ed97f7f34cb8f2ba1bc9790bcc366474b4b79"

aws-sign2@~0.6.0:
  version "0.6.0"
  resolved "http://registry.npm.taobao.org/aws-sign2/download/aws-sign2-0.6.0.tgz#14342dd38dbcc94d0e5b87d763cd63612c0e794f"

aws4@^1.2.1:
  version "1.6.0"
  resolved "http://registry.npm.taobao.org/aws4/download/aws4-1.6.0.tgz#83ef5ca860b2b32e4a0deedee8c771b9db57471e"

bcrypt-pbkdf@^1.0.0:
  version "1.0.1"
  resolved "http://registry.npm.taobao.org/bcrypt-pbkdf/download/bcrypt-pbkdf-1.0.1.tgz#63bc5dcb61331b92bc05fd528953c33462a06f8d"
  dependencies:
    tweetnacl "^0.14.3"

block-elements@^1.0.0:
  version "1.2.0"
  resolved "http://registry.npm.taobao.org/block-elements/download/block-elements-1.2.0.tgz#8e04ccab638c7e2596f5065fb6c1c7518c905a5d"

boolbase@~1.0.0:
  version "1.0.0"
  resolved "http://registry.npm.taobao.org/boolbase/download/boolbase-1.0.0.tgz#68dff5fbe60c51eb37725ea9e3ed310dcc1e776e"

boom@2.x.x:
  version "2.10.1"
  resolved "http://registry.npm.taobao.org/boom/download/boom-2.10.1.tgz#39c8918ceff5799f83f9492a848f625add0c766f"
  dependencies:
    hoek "2.x.x"

caseless@~0.12.0:
  version "0.12.0"
  resolved "http://registry.npm.taobao.org/caseless/download/caseless-0.12.0.tgz#1b681c21ff84033c826543090689420d187151dc"

cheerio@^0.22.0:
  version "0.22.0"
  resolved "http://registry.npm.taobao.org/cheerio/download/cheerio-0.22.0.tgz#a9baa860a3f9b595a6b81b1a86873121ed3a269e"
  dependencies:
    css-select "~1.2.0"
    dom-serializer "~0.1.0"
    entities "~1.1.1"
    htmlparser2 "^3.9.1"
    lodash.assignin "^4.0.9"
    lodash.bind "^4.1.4"
    lodash.defaults "^4.0.1"
    lodash.filter "^4.4.0"
    lodash.flatten "^4.2.0"
    lodash.foreach "^4.3.0"
    lodash.map "^4.4.0"
    lodash.merge "^4.4.0"
    lodash.pick "^4.2.1"
    lodash.reduce "^4.4.0"
    lodash.reject "^4.4.0"
    lodash.some "^4.4.0"

co@^4.6.0:
  version "4.6.0"
  resolved "http://registry.npm.taobao.org/co/download/co-4.6.0.tgz#6ea6bdf3d853ae54ccb8e47bfa0bf3f9031fb184"

collapse-whitespace@1.1.2:
  version "1.1.2"
  resolved "http://registry.npm.taobao.org/collapse-whitespace/download/collapse-whitespace-1.1.2.tgz#b9b31d79d5594ee3c22c15819c54828e565b3085"
  dependencies:
    block-elements "^1.0.0"
    void-elements "^2.0.1"

combined-stream@^1.0.5, combined-stream@~1.0.5:
  version "1.0.5"
  resolved "http://registry.npm.taobao.org/combined-stream/download/combined-stream-1.0.5.tgz#938370a57b4a51dea2c77c15d5c5fdf895164009"
  dependencies:
    delayed-stream "~1.0.0"

commander@^2.9.0:
  version "2.11.0"
  resolved "http://registry.npm.taobao.org/commander/download/commander-2.11.0.tgz#157152fd1e7a6c8d98a5b715cf376df928004563"

content-type-parser@^1.0.1:
  version "1.0.1"
  resolved "http://registry.npm.taobao.org/content-type-parser/download/content-type-parser-1.0.1.tgz#c3e56988c53c65127fb46d4032a3a900246fdc94"

core-util-is@~1.0.0:
  version "1.0.2"
  resolved "http://registry.npm.taobao.org/core-util-is/download/core-util-is-1.0.2.tgz#b5fd54220aa2bc5ab57aab7140c940754503c1a7"

cryptiles@2.x.x:
  version "2.0.5"
  resolved "http://registry.npm.taobao.org/cryptiles/download/cryptiles-2.0.5.tgz#3bdfecdc608147c1c67202fa291e7dca59eaa3b8"
  dependencies:
    boom "2.x.x"

css-select@~1.2.0:
  version "1.2.0"
  resolved "http://registry.npm.taobao.org/css-select/download/css-select-1.2.0.tgz#2b3a110539c5355f1cd8d314623e870b121ec858"
  dependencies:
    boolbase "~1.0.0"
    css-what "2.1"
    domutils "1.5.1"
    nth-check "~1.0.1"

css-what@2.1:
  version "2.1.0"
  resolved "http://registry.npm.taobao.org/css-what/download/css-what-2.1.0.tgz#9467d032c38cfaefb9f2d79501253062f87fa1bd"

cssom@0.3.x, "cssom@>= 0.3.2 < 0.4.0":
  version "0.3.2"
  resolved "http://registry.npm.taobao.org/cssom/download/cssom-0.3.2.tgz#b8036170c79f07a90ff2f16e22284027a243848b"

"cssstyle@>= 0.2.37 < 0.3.0":
  version "0.2.37"
  resolved "http://registry.npm.taobao.org/cssstyle/download/cssstyle-0.2.37.tgz#541097234cb2513c83ceed3acddc27ff27987d54"
  dependencies:
    cssom "0.3.x"

dashdash@^1.12.0:
  version "1.14.1"
  resolved "http://registry.npm.taobao.org/dashdash/download/dashdash-1.14.1.tgz#853cfa0f7cbe2fed5de20326b8dd581035f6e2f0"
  dependencies:
    assert-plus "^1.0.0"

deep-is@~0.1.3:
  version "0.1.3"
  resolved "http://registry.npm.taobao.org/deep-is/download/deep-is-0.1.3.tgz#b369d6fb5dbc13eecf524f91b070feedc357cf34"

delayed-stream@~1.0.0:
  version "1.0.0"
  resolved "http://registry.npm.taobao.org/delayed-stream/download/delayed-stream-1.0.0.tgz#df3ae199acadfb7d440aaae0b29e2272b24ec619"

dom-serializer@0, dom-serializer@~0.1.0:
  version "0.1.0"
  resolved "http://registry.npm.taobao.org/dom-serializer/download/dom-serializer-0.1.0.tgz#073c697546ce0780ce23be4a28e293e40bc30c82"
  dependencies:
    domelementtype "~1.1.1"
    entities "~1.1.1"

domelementtype@1, domelementtype@^1.3.0:
  version "1.3.0"
  resolved "http://registry.npm.taobao.org/domelementtype/download/domelementtype-1.3.0.tgz#b17aed82e8ab59e52dd9c19b1756e0fc187204c2"

domelementtype@~1.1.1:
  version "1.1.3"
  resolved "http://registry.npm.taobao.org/domelementtype/download/domelementtype-1.1.3.tgz#bd28773e2642881aec51544924299c5cd822185b"

domhandler@^2.3.0:
  version "2.4.1"
  resolved "http://registry.npm.taobao.org/domhandler/download/domhandler-2.4.1.tgz#892e47000a99be55bbf3774ffea0561d8879c259"
  dependencies:
    domelementtype "1"

domutils@1.5.1, domutils@^1.5.1:
  version "1.5.1"
  resolved "http://registry.npm.taobao.org/domutils/download/domutils-1.5.1.tgz#dcd8488a26f563d61079e48c9f7b7e32373682cf"
  dependencies:
    dom-serializer "0"
    domelementtype "1"

ecc-jsbn@~0.1.1:
  version "0.1.1"
  resolved "http://registry.npm.taobao.org/ecc-jsbn/download/ecc-jsbn-0.1.1.tgz#0fc73a9ed5f0d53c38193398523ef7e543777505"
  dependencies:
    jsbn "~0.1.0"

entities@^1.1.1, entities@~1.1.1:
  version "1.1.1"
  resolved "http://registry.npm.taobao.org/entities/download/entities-1.1.1.tgz#6e5c2d0a5621b5dadaecef80b90edfb5cd7772f0"

escodegen@^1.6.1:
  version "1.8.1"
  resolved "http://registry.npm.taobao.org/escodegen/download/escodegen-1.8.1.tgz#5a5b53af4693110bebb0867aa3430dd3b70a1018"
  dependencies:
    esprima "^2.7.1"
    estraverse "^1.9.1"
    esutils "^2.0.2"
    optionator "^0.8.1"
  optionalDependencies:
    source-map "~0.2.0"

esprima@^2.7.1:
  version "2.7.3"
  resolved "http://registry.npm.taobao.org/esprima/download/esprima-2.7.3.tgz#96e3b70d5779f6ad49cd032673d1c312767ba581"

estraverse@^1.9.1:
  version "1.9.3"
  resolved "http://registry.npm.taobao.org/estraverse/download/estraverse-1.9.3.tgz#af67f2dc922582415950926091a4005d29c9bb44"

esutils@^2.0.2:
  version "2.0.2"
  resolved "http://registry.npm.taobao.org/esutils/download/esutils-2.0.2.tgz#0abf4f1caa5bcb1f7a9d8acc6dea4faaa04bac9b"

extend@~3.0.0:
  version "3.0.1"
  resolved "http://registry.npm.taobao.org/extend/download/extend-3.0.1.tgz#a755ea7bc1adfcc5a31ce7e762dbaadc5e636444"

extsprintf@1.0.2:
  version "1.0.2"
  resolved "http://registry.npm.taobao.org/extsprintf/download/extsprintf-1.0.2.tgz#e1080e0658e300b06294990cc70e1502235fd550"

fast-levenshtein@~2.0.4:
  version "2.0.6"
  resolved "http://registry.npm.taobao.org/fast-levenshtein/download/fast-levenshtein-2.0.6.tgz#3d8a5c66883a16a30ca8643e851f19baa7797917"

forever-agent@~0.6.1:
  version "0.6.1"
  resolved "http://registry.npm.taobao.org/forever-agent/download/forever-agent-0.6.1.tgz#fbc71f0c41adeb37f96c577ad1ed42d8fdacca91"

form-data@~2.1.1:
  version "2.1.4"
  resolved "http://registry.npm.taobao.org/form-data/download/form-data-2.1.4.tgz#33c183acf193276ecaa98143a69e94bfee1750d1"
  dependencies:
    asynckit "^0.4.0"
    combined-stream "^1.0.5"
    mime-types "^2.1.12"

getpass@^0.1.1:
  version "0.1.7"
  resolved "http://registry.npm.taobao.org/getpass/download/getpass-0.1.7.tgz#5eff8e3e684d569ae4cb2b1282604e8ba62149fa"
  dependencies:
    assert-plus "^1.0.0"

h2m@^0.5.2:
  version "0.5.2"
  resolved "http://registry.npm.taobao.org/h2m/download/h2m-0.5.2.tgz#4924708b1608fd1fe0ffd7aa4790fdfbaf8a2511"
  dependencies:
    commander "^2.9.0"
    htmlparser2 "^3.9.0"
    request "^2.67.0"

har-schema@^1.0.5:
  version "1.0.5"
  resolved "http://registry.npm.taobao.org/har-schema/download/har-schema-1.0.5.tgz#d263135f43307c02c602afc8fe95970c0151369e"

har-validator@~4.2.1:
  version "4.2.1"
  resolved "http://registry.npm.taobao.org/har-validator/download/har-validator-4.2.1.tgz#33481d0f1bbff600dd203d75812a6a5fba002e2a"
  dependencies:
    ajv "^4.9.1"
    har-schema "^1.0.5"

hawk@~3.1.3:
  version "3.1.3"
  resolved "http://registry.npm.taobao.org/hawk/download/hawk-3.1.3.tgz#078444bd7c1640b0fe540d2c9b73d59678e8e1c4"
  dependencies:
    boom "2.x.x"
    cryptiles "2.x.x"
    hoek "2.x.x"
    sntp "1.x.x"

hoek@2.x.x:
  version "2.16.3"
  resolved "http://registry.npm.taobao.org/hoek/download/hoek-2.16.3.tgz#20bb7403d3cea398e91dc4710a8ff1b8274a25ed"

html-encoding-sniffer@^1.0.1:
  version "1.0.1"
  resolved "http://registry.npm.taobao.org/html-encoding-sniffer/download/html-encoding-sniffer-1.0.1.tgz#79bf7a785ea495fe66165e734153f363ff5437da"
  dependencies:
    whatwg-encoding "^1.0.1"

htmlparser2@^3.9.0, htmlparser2@^3.9.1:
  version "3.9.2"
  resolved "http://registry.npm.taobao.org/htmlparser2/download/htmlparser2-3.9.2.tgz#1bdf87acca0f3f9e53fa4fcceb0f4b4cbb00b338"
  dependencies:
    domelementtype "^1.3.0"
    domhandler "^2.3.0"
    domutils "^1.5.1"
    entities "^1.1.1"
    inherits "^2.0.1"
    readable-stream "^2.0.2"

http-signature@~1.1.0:
  version "1.1.1"
  resolved "http://registry.npm.taobao.org/http-signature/download/http-signature-1.1.1.tgz#df72e267066cd0ac67fb76adf8e134a8fbcf91bf"
  dependencies:
    assert-plus "^0.2.0"
    jsprim "^1.2.2"
    sshpk "^1.7.0"

iconv-lite@0.4.13:
  version "0.4.13"
  resolved "http://registry.npm.taobao.org/iconv-lite/download/iconv-lite-0.4.13.tgz#1f88aba4ab0b1508e8312acc39345f36e992e2f2"

inherits@^2.0.1, inherits@~2.0.3:
  version "2.0.3"
  resolved "http://registry.npm.taobao.org/inherits/download/inherits-2.0.3.tgz#633c2c83e3da42a502f52466022480f4208261de"

is-typedarray@~1.0.0:
  version "1.0.0"
  resolved "http://registry.npm.taobao.org/is-typedarray/download/is-typedarray-1.0.0.tgz#e479c80858df0c1b11ddda6940f96011fcda4a9a"

isarray@~1.0.0:
  version "1.0.0"
  resolved "http://registry.npm.taobao.org/isarray/download/isarray-1.0.0.tgz#bb935d48582cba168c06834957a54a3e07124f11"

isstream@~0.1.2:
  version "0.1.2"
  resolved "http://registry.npm.taobao.org/isstream/download/isstream-0.1.2.tgz#47e63f7af55afa6f92e1500e690eb8b8529c099a"

jsbn@~0.1.0:
  version "0.1.1"
  resolved "http://registry.npm.taobao.org/jsbn/download/jsbn-0.1.1.tgz#a5e654c2e5a2deb5f201d96cefbca80c0ef2f513"

jsdom@^9.0.0:
  version "9.12.0"
  resolved "http://registry.npm.taobao.org/jsdom/download/jsdom-9.12.0.tgz#e8c546fffcb06c00d4833ca84410fed7f8a097d4"
  dependencies:
    abab "^1.0.3"
    acorn "^4.0.4"
    acorn-globals "^3.1.0"
    array-equal "^1.0.0"
    content-type-parser "^1.0.1"
    cssom ">= 0.3.2 < 0.4.0"
    cssstyle ">= 0.2.37 < 0.3.0"
    escodegen "^1.6.1"
    html-encoding-sniffer "^1.0.1"
    nwmatcher ">= 1.3.9 < 2.0.0"
    parse5 "^1.5.1"
    request "^2.79.0"
    sax "^1.2.1"
    symbol-tree "^3.2.1"
    tough-cookie "^2.3.2"
    webidl-conversions "^4.0.0"
    whatwg-encoding "^1.0.1"
    whatwg-url "^4.3.0"
    xml-name-validator "^2.0.1"

json-schema@0.2.3:
  version "0.2.3"
  resolved "http://registry.npm.taobao.org/json-schema/download/json-schema-0.2.3.tgz#b480c892e59a2f05954ce727bd3f2a4e882f9e13"

json-stable-stringify@^1.0.1:
  version "1.0.1"
  resolved "http://registry.npm.taobao.org/json-stable-stringify/download/json-stable-stringify-1.0.1.tgz#9a759d39c5f2ff503fd5300646ed445f88c4f9af"
  dependencies:
    jsonify "~0.0.0"

json-stringify-safe@~5.0.1:
  version "5.0.1"
  resolved "http://registry.npm.taobao.org/json-stringify-safe/download/json-stringify-safe-5.0.1.tgz#1296a2d58fd45f19a0f6ce01d65701e2c735b6eb"

jsonify@~0.0.0:
  version "0.0.0"
  resolved "http://registry.npm.taobao.org/jsonify/download/jsonify-0.0.0.tgz#2c74b6ee41d93ca51b7b5aaee8f503631d252a73"

jsprim@^1.2.2:
  version "1.4.0"
  resolved "http://registry.npm.taobao.org/jsprim/download/jsprim-1.4.0.tgz#a3b87e40298d8c380552d8cc7628a0bb95a22918"
  dependencies:
    assert-plus "1.0.0"
    extsprintf "1.0.2"
    json-schema "0.2.3"
    verror "1.3.6"

levn@~0.3.0:
  version "0.3.0"
  resolved "http://registry.npm.taobao.org/levn/download/levn-0.3.0.tgz#3b09924edf9f083c0490fdd4c0bc4421e04764ee"
  dependencies:
    prelude-ls "~1.1.2"
    type-check "~0.3.2"

lodash.assignin@^4.0.9:
  version "4.2.0"
  resolved "http://registry.npm.taobao.org/lodash.assignin/download/lodash.assignin-4.2.0.tgz#ba8df5fb841eb0a3e8044232b0e263a8dc6a28a2"

lodash.bind@^4.1.4:
  version "4.2.1"
  resolved "http://registry.npm.taobao.org/lodash.bind/download/lodash.bind-4.2.1.tgz#7ae3017e939622ac31b7d7d7dcb1b34db1690d35"

lodash.defaults@^4.0.1:
  version "4.2.0"
  resolved "http://registry.npm.taobao.org/lodash.defaults/download/lodash.defaults-4.2.0.tgz#d09178716ffea4dde9e5fb7b37f6f0802274580c"

lodash.filter@^4.4.0:
  version "4.6.0"
  resolved "http://registry.npm.taobao.org/lodash.filter/download/lodash.filter-4.6.0.tgz#668b1d4981603ae1cc5a6fa760143e480b4c4ace"

lodash.flatten@^4.2.0:
  version "4.4.0"
  resolved "http://registry.npm.taobao.org/lodash.flatten/download/lodash.flatten-4.4.0.tgz#f31c22225a9632d2bbf8e4addbef240aa765a61f"

lodash.foreach@^4.3.0:
  version "4.5.0"
  resolved "http://registry.npm.taobao.org/lodash.foreach/download/lodash.foreach-4.5.0.tgz#1a6a35eace401280c7f06dddec35165ab27e3e53"

lodash.map@^4.4.0:
  version "4.6.0"
  resolved "http://registry.npm.taobao.org/lodash.map/download/lodash.map-4.6.0.tgz#771ec7839e3473d9c4cde28b19394c3562f4f6d3"

lodash.merge@^4.4.0:
  version "4.6.0"
  resolved "http://registry.npm.taobao.org/lodash.merge/download/lodash.merge-4.6.0.tgz#69884ba144ac33fe699737a6086deffadd0f89c5"

lodash.pick@^4.2.1:
  version "4.4.0"
  resolved "http://registry.npm.taobao.org/lodash.pick/download/lodash.pick-4.4.0.tgz#52f05610fff9ded422611441ed1fc123a03001b3"

lodash.reduce@^4.4.0:
  version "4.6.0"
  resolved "http://registry.npm.taobao.org/lodash.reduce/download/lodash.reduce-4.6.0.tgz#f1ab6b839299ad48f784abbf476596f03b914d3b"

lodash.reject@^4.4.0:
  version "4.6.0"
  resolved "http://registry.npm.taobao.org/lodash.reject/download/lodash.reject-4.6.0.tgz#80d6492dc1470864bbf583533b651f42a9f52415"

lodash.some@^4.4.0:
  version "4.6.0"
  resolved "http://registry.npm.taobao.org/lodash.some/download/lodash.some-4.6.0.tgz#1bb9f314ef6b8baded13b549169b2a945eb68e4d"

mime-db@~1.27.0:
  version "1.27.0"
  resolved "http://registry.npm.taobao.org/mime-db/download/mime-db-1.27.0.tgz#820f572296bbd20ec25ed55e5b5de869e5436eb1"

mime-types@^2.1.12, mime-types@~2.1.7:
  version "2.1.15"
  resolved "http://registry.npm.taobao.org/mime-types/download/mime-types-2.1.15.tgz#a4ebf5064094569237b8cf70046776d09fc92aed"
  dependencies:
    mime-db "~1.27.0"

nth-check@~1.0.1:
  version "1.0.1"
  resolved "http://registry.npm.taobao.org/nth-check/download/nth-check-1.0.1.tgz#9929acdf628fc2c41098deab82ac580cf149aae4"
  dependencies:
    boolbase "~1.0.0"

"nwmatcher@>= 1.3.9 < 2.0.0":
  version "1.4.1"
  resolved "http://registry.npm.taobao.org/nwmatcher/download/nwmatcher-1.4.1.tgz#7ae9b07b0ea804db7e25f05cb5fe4097d4e4949f"

oauth-sign@~0.8.1:
  version "0.8.2"
  resolved "http://registry.npm.taobao.org/oauth-sign/download/oauth-sign-0.8.2.tgz#46a6ab7f0aead8deae9ec0565780b7d4efeb9d43"

optionator@^0.8.1:
  version "0.8.2"
  resolved "http://registry.npm.taobao.org/optionator/download/optionator-0.8.2.tgz#364c5e409d3f4d6301d6c0b4c05bba50180aeb64"
  dependencies:
    deep-is "~0.1.3"
    fast-levenshtein "~2.0.4"
    levn "~0.3.0"
    prelude-ls "~1.1.2"
    type-check "~0.3.2"
    wordwrap "~1.0.0"

parse5@^1.5.1:
  version "1.5.1"
  resolved "http://registry.npm.taobao.org/parse5/download/parse5-1.5.1.tgz#9b7f3b0de32be78dc2401b17573ccaf0f6f59d94"

performance-now@^0.2.0:
  version "0.2.0"
  resolved "http://registry.npm.taobao.org/performance-now/download/performance-now-0.2.0.tgz#33ef30c5c77d4ea21c5a53869d91b56d8f2555e5"

prelude-ls@~1.1.2:
  version "1.1.2"
  resolved "http://registry.npm.taobao.org/prelude-ls/download/prelude-ls-1.1.2.tgz#21932a549f5e52ffd9a827f570e04be62a97da54"

process-nextick-args@~1.0.6:
  version "1.0.7"
  resolved "http://registry.npm.taobao.org/process-nextick-args/download/process-nextick-args-1.0.7.tgz#150e20b756590ad3f91093f25a4f2ad8bff30ba3"

punycode@^1.4.1:
  version "1.4.1"
  resolved "http://registry.npm.taobao.org/punycode/download/punycode-1.4.1.tgz#c0d5a63b2718800ad8e1eb0fa5269c84dd41845e"

qs@~6.4.0:
  version "6.4.0"
  resolved "http://registry.npm.taobao.org/qs/download/qs-6.4.0.tgz#13e26d28ad6b0ffaa91312cd3bf708ed351e7233"

readable-stream@^2.0.2:
  version "2.3.3"
  resolved "http://registry.npm.taobao.org/readable-stream/download/readable-stream-2.3.3.tgz#368f2512d79f9d46fdfc71349ae7878bbc1eb95c"
  dependencies:
    core-util-is "~1.0.0"
    inherits "~2.0.3"
    isarray "~1.0.0"
    process-nextick-args "~1.0.6"
    safe-buffer "~5.1.1"
    string_decoder "~1.0.3"
    util-deprecate "~1.0.1"

request@^2.67.0, request@^2.79.0, request@^2.81.0:
  version "2.81.0"
  resolved "http://registry.npm.taobao.org/request/download/request-2.81.0.tgz#c6928946a0e06c5f8d6f8a9333469ffda46298a0"
  dependencies:
    aws-sign2 "~0.6.0"
    aws4 "^1.2.1"
    caseless "~0.12.0"
    combined-stream "~1.0.5"
    extend "~3.0.0"
    forever-agent "~0.6.1"
    form-data "~2.1.1"
    har-validator "~4.2.1"
    hawk "~3.1.3"
    http-signature "~1.1.0"
    is-typedarray "~1.0.0"
    isstream "~0.1.2"
    json-stringify-safe "~5.0.1"
    mime-types "~2.1.7"
    oauth-sign "~0.8.1"
    performance-now "^0.2.0"
    qs "~6.4.0"
    safe-buffer "^5.0.1"
    stringstream "~0.0.4"
    tough-cookie "~2.3.0"
    tunnel-agent "^0.6.0"
    uuid "^3.0.0"

safe-buffer@^5.0.1, safe-buffer@~5.1.0, safe-buffer@~5.1.1:
  version "5.1.1"
  resolved "http://registry.npm.taobao.org/safe-buffer/download/safe-buffer-5.1.1.tgz#893312af69b2123def71f57889001671eeb2c853"

sax@^1.2.1:
  version "1.2.4"
  resolved "http://registry.npm.taobao.org/sax/download/sax-1.2.4.tgz#2816234e2378bddc4e5354fab5caa895df7100d9"

sntp@1.x.x:
  version "1.0.9"
  resolved "http://registry.npm.taobao.org/sntp/download/sntp-1.0.9.tgz#6541184cc90aeea6c6e7b35e2659082443c66198"
  dependencies:
    hoek "2.x.x"

source-map@~0.2.0:
  version "0.2.0"
  resolved "http://registry.npm.taobao.org/source-map/download/source-map-0.2.0.tgz#dab73fbcfc2ba819b4de03bd6f6eaa48164b3f9d"
  dependencies:
    amdefine ">=0.0.4"

sshpk@^1.7.0:
  version "1.13.1"
  resolved "http://registry.npm.taobao.org/sshpk/download/sshpk-1.13.1.tgz#512df6da6287144316dc4c18fe1cf1d940739be3"
  dependencies:
    asn1 "~0.2.3"
    assert-plus "^1.0.0"
    dashdash "^1.12.0"
    getpass "^0.1.1"
  optionalDependencies:
    bcrypt-pbkdf "^1.0.0"
    ecc-jsbn "~0.1.1"
    jsbn "~0.1.0"
    tweetnacl "~0.14.0"

string_decoder@~1.0.3:
  version "1.0.3"
  resolved "http://registry.npm.taobao.org/string_decoder/download/string_decoder-1.0.3.tgz#0fc67d7c141825de94282dd536bec6b9bce860ab"
  dependencies:
    safe-buffer "~5.1.0"

stringstream@~0.0.4:
  version "0.0.5"
  resolved "http://registry.npm.taobao.org/stringstream/download/stringstream-0.0.5.tgz#4e484cd4de5a0bbbee18e46307710a8a81621878"

symbol-tree@^3.2.1:
  version "3.2.2"
  resolved "http://registry.npm.taobao.org/symbol-tree/download/symbol-tree-3.2.2.tgz#ae27db38f660a7ae2e1c3b7d1bc290819b8519e6"

to-markdown@^3.1.0:
  version "3.1.0"
  resolved "http://registry.npm.taobao.org/to-markdown/download/to-markdown-3.1.0.tgz#63ffc1a1b00ac54e3f9332bec9f207c24313414c"
  dependencies:
    collapse-whitespace "1.1.2"
    jsdom "^9.0.0"

tough-cookie@^2.3.2, tough-cookie@~2.3.0:
  version "2.3.2"
  resolved "http://registry.npm.taobao.org/tough-cookie/download/tough-cookie-2.3.2.tgz#f081f76e4c85720e6c37a5faced737150d84072a"
  dependencies:
    punycode "^1.4.1"

tr46@~0.0.3:
  version "0.0.3"
  resolved "http://registry.npm.taobao.org/tr46/download/tr46-0.0.3.tgz#8184fd347dac9cdc185992f3a6622e14b9d9ab6a"

tunnel-agent@^0.6.0:
  version "0.6.0"
  resolved "http://registry.npm.taobao.org/tunnel-agent/download/tunnel-agent-0.6.0.tgz#27a5dea06b36b04a0a9966774b290868f0fc40fd"
  dependencies:
    safe-buffer "^5.0.1"

tweetnacl@^0.14.3, tweetnacl@~0.14.0:
  version "0.14.5"
  resolved "http://registry.npm.taobao.org/tweetnacl/download/tweetnacl-0.14.5.tgz#5ae68177f192d4456269d108afa93ff8743f4f64"

type-check@~0.3.2:
  version "0.3.2"
  resolved "http://registry.npm.taobao.org/type-check/download/type-check-0.3.2.tgz#5884cab512cf1d355e3fb784f30804b2b520db72"
  dependencies:
    prelude-ls "~1.1.2"

util-deprecate@~1.0.1:
  version "1.0.2"
  resolved "http://registry.npm.taobao.org/util-deprecate/download/util-deprecate-1.0.2.tgz#450d4dc9fa70de732762fbd2d4a28981419a0ccf"

uuid@^3.0.0:
  version "3.1.0"
  resolved "http://registry.npm.taobao.org/uuid/download/uuid-3.1.0.tgz#3dd3d3e790abc24d7b0d3a034ffababe28ebbc04"

verror@1.3.6:
  version "1.3.6"
  resolved "http://registry.npm.taobao.org/verror/download/verror-1.3.6.tgz#cff5df12946d297d2baaefaa2689e25be01c005c"
  dependencies:
    extsprintf "1.0.2"

void-elements@^2.0.1:
  version "2.0.1"
  resolved "http://registry.npm.taobao.org/void-elements/download/void-elements-2.0.1.tgz#c066afb582bb1cb4128d60ea92392e94d5e9dbec"

webidl-conversions@^3.0.0:
  version "3.0.1"
  resolved "http://registry.npm.taobao.org/webidl-conversions/download/webidl-conversions-3.0.1.tgz#24534275e2a7bc6be7bc86611cc16ae0a5654871"

webidl-conversions@^4.0.0:
  version "4.0.1"
  resolved "http://registry.npm.taobao.org/webidl-conversions/download/webidl-conversions-4.0.1.tgz#8015a17ab83e7e1b311638486ace81da6ce206a0"

whatwg-encoding@^1.0.1:
  version "1.0.1"
  resolved "http://registry.npm.taobao.org/whatwg-encoding/download/whatwg-encoding-1.0.1.tgz#3c6c451a198ee7aec55b1ec61d0920c67801a5f4"
  dependencies:
    iconv-lite "0.4.13"

whatwg-url@^4.3.0:
  version "4.8.0"
  resolved "http://registry.npm.taobao.org/whatwg-url/download/whatwg-url-4.8.0.tgz#d2981aa9148c1e00a41c5a6131166ab4683bbcc0"
  dependencies:
    tr46 "~0.0.3"
    webidl-conversions "^3.0.0"

wordwrap@~1.0.0:
  version "1.0.0"
  resolved "http://registry.npm.taobao.org/wordwrap/download/wordwrap-1.0.0.tgz#27584810891456a4171c8d0226441ade90cbcaeb"

xml-name-validator@^2.0.1:
  version "2.0.1"
  resolved "http://registry.npm.taobao.org/xml-name-validator/download/xml-name-validator-2.0.1.tgz#4d8b8f1eccd3419aa362061becef515e1e559635"
